
Microsoft Visual Studio Solution File, Format Version 12.00
# Visual Studio Version 16
VisualStudioVersion = 16.0.31005.135
MinimumVisualStudioVersion = 10.0.40219.1
Project("{FAE04EC0-301F-11D3-BF4B-00C04F79EFBC}") = "fileman", "fileman\fileman.csproj", "{1DD5A837-BDCB-484E-BF59-D2E77A8421AA}"
EndProject
Global
	GlobalSection(SolutionConfigurationPlatforms) = preSolution
		Debug|Any CPU = Debug|Any CPU
		Release|Any CPU = Release|Any CPU
	EndGlobalSection
	GlobalSection(ProjectConfigurationPlatforms) = postSolution
		{1DD5A837-BDCB-484E-BF59-D2E77A8421AA}.Debug|Any CPU.ActiveCfg = Debug|Any CPU
		{1DD5A837-BDCB-484E-BF59-D2E77A8421AA}.Debug|Any CPU.Build.0 = Debug|Any CPU
		{1DD5A837-BDCB-484E-BF59-D2E77A8421AA}.Release|Any CPU.ActiveCfg = Release|Any CPU
		{1DD5A837-BDCB-484E-BF59-D2E77A8421AA}.Release|Any CPU.Build.0 = Release|Any CPU
	EndGlobalSection
	GlobalSection(SolutionProperties) = preSolution
		HideSolutionNode = FALSE
	EndGlobalSection
	GlobalSection(ExtensibilityGlobals) = postSolution
		SolutionGuid = {D5120055-1441-43AD-826A-F45D783DB705}
	EndGlobalSection
EndGlobal
